
Microsoft Visual Studio Solution File, Format Version 12.00
# Visual Studio 15
VisualStudioVersion = 15.0.28010.2016
MinimumVisualStudioVersion = 10.0.40219.1
Project("{8BC9CEB8-8B4A-11D0-8D11-00A0C91BC942}") = "memori_dinamis", "memori_dinamis\memori_dinamis.vcxproj", "{9B997FDF-58CF-4BA4-BE46-CA5C35D5A590}"
EndProject
Global
	GlobalSection(SolutionConfigurationPlatforms) = preSolution
		Debug|x64 = Debug|x64
		Debug|x86 = Debug|x86
		Release|x64 = Release|x64
		Release|x86 = Release|x86
	EndGlobalSection
	GlobalSection(ProjectConfigurationPlatforms) = postSolution
		{9B997FDF-58CF-4BA4-BE46-CA5C35D5A590}.Debug|x64.ActiveCfg = Debug|x64
		{9B997FDF-58CF-4BA4-BE46-CA5C35D5A590}.Debug|x64.Build.0 = Debug|x64
		{9B997FDF-58CF-4BA4-BE46-CA5C35D5A590}.Debug|x86.ActiveCfg = Debug|Win32
		{9B997FDF-58CF-4BA4-BE46-CA5C35D5A590}.Debug|x86.Build.0 = Debug|Win32
		{9B997FDF-58CF-4BA4-BE46-CA5C35D5A590}.Release|x64.ActiveCfg = Release|x64
		{9B997FDF-58CF-4BA4-BE46-CA5C35D5A590}.Release|x64.Build.0 = Release|x64
		{9B997FDF-58CF-4BA4-BE46-CA5C35D5A590}.Release|x86.ActiveCfg = Release|Win32
		{9B997FDF-58CF-4BA4-BE46-CA5C35D5A590}.Release|x86.Build.0 = Release|Win32
	EndGlobalSection
	GlobalSection(SolutionProperties) = preSolution
		HideSolutionNode = FALSE
	EndGlobalSection
	GlobalSection(ExtensibilityGlobals) = postSolution
		SolutionGuid = {420D5AF5-6A57-4FBA-988F-3A698F795E4B}
	EndGlobalSection
EndGlobal
